
Microsoft Visual Studio Solution File, Format Version 12.00
# Visual Studio Version 16
VisualStudioVersion = 16.0.32002.261
MinimumVisualStudioVersion = 10.0.40219.1
Project("{2150E333-8FDC-42A3-9474-1A3956D46DE8}") = "src", "src", "{25B559E2-0C23-47CD-8AF3-C78D82B7876E}"
EndProject
Project("{FAE04EC0-301F-11D3-BF4B-00C04F79EFBC}") = "WebUI", "src\WebUI\WebUI.csproj", "{4D2F64AB-C9D9-4EB8-B551-96814D1F36B5}"
EndProject
Global
	GlobalSection(SolutionConfigurationPlatforms) = preSolution
		Debug|Any CPU = Debug|Any CPU
		Release|Any CPU = Release|Any CPU
	EndGlobalSection
	GlobalSection(ProjectConfigurationPlatforms) = postSolution
		{4D2F64AB-C9D9-4EB8-B551-96814D1F36B5}.Debug|Any CPU.ActiveCfg = Debug|Any CPU
		{4D2F64AB-C9D9-4EB8-B551-96814D1F36B5}.Debug|Any CPU.Build.0 = Debug|Any CPU
		{4D2F64AB-C9D9-4EB8-B551-96814D1F36B5}.Release|Any CPU.ActiveCfg = Release|Any CPU
		{4D2F64AB-C9D9-4EB8-B551-96814D1F36B5}.Release|Any CPU.Build.0 = Release|Any CPU
	EndGlobalSection
	GlobalSection(SolutionProperties) = preSolution
		HideSolutionNode = FALSE
	EndGlobalSection
	GlobalSection(NestedProjects) = preSolution
		{4D2F64AB-C9D9-4EB8-B551-96814D1F36B5} = {25B559E2-0C23-47CD-8AF3-C78D82B7876E}
	EndGlobalSection
	GlobalSection(ExtensibilityGlobals) = postSolution
		SolutionGuid = {DCE00560-036D-4DC2-A6AC-6CB959FD551E}
	EndGlobalSection
EndGlobal
